
Microsoft Visual Studio Solution File, Format Version 10.00
# Visual Studio 2008
Project("{8BC9CEB8-8B4A-11D0-8D11-00A0C91BC942}") = "RoboEnvCompiler", "RoboEnvCompiler\RoboEnvCompiler.vcproj", "{AFBB320D-4E03-4A41-9D7F-DE9864A99E7C}"
EndProject
Global
	GlobalSection(SubversionScc) = preSolution
		Svn-Managed = True
		Manager = AnkhSVN - Subversion Support for Visual Studio
	EndGlobalSection
	GlobalSection(SolutionConfigurationPlatforms) = preSolution
		Debug|Win32 = Debug|Win32
		Release|Win32 = Release|Win32
	EndGlobalSection
	GlobalSection(ProjectConfigurationPlatforms) = postSolution
		{AFBB320D-4E03-4A41-9D7F-DE9864A99E7C}.Debug|Win32.ActiveCfg = Debug|Win32
		{AFBB320D-4E03-4A41-9D7F-DE9864A99E7C}.Debug|Win32.Build.0 = Debug|Win32
		{AFBB320D-4E03-4A41-9D7F-DE9864A99E7C}.Release|Win32.ActiveCfg = Release|Win32
		{AFBB320D-4E03-4A41-9D7F-DE9864A99E7C}.Release|Win32.Build.0 = Release|Win32
	EndGlobalSection
	GlobalSection(SolutionProperties) = preSolution
		HideSolutionNode = FALSE
	EndGlobalSection
EndGlobal
